
Microsoft Visual Studio Solution File, Format Version 12.00
# Visual Studio Version 16
VisualStudioVersion = 16.0.31729.503
MinimumVisualStudioVersion = 10.0.40219.1
Project("{FAE04EC0-301F-11D3-BF4B-00C04F79EFBC}") = "Messenger", "Messenger\Messenger.csproj", "{937059FF-8625-4581-AA6D-9670BC7CFD58}"
EndProject
Global
	GlobalSection(SolutionConfigurationPlatforms) = preSolution
		Debug|Any CPU = Debug|Any CPU
		Release|Any CPU = Release|Any CPU
	EndGlobalSection
	GlobalSection(ProjectConfigurationPlatforms) = postSolution
		{937059FF-8625-4581-AA6D-9670BC7CFD58}.Debug|Any CPU.ActiveCfg = Debug|Any CPU
		{937059FF-8625-4581-AA6D-9670BC7CFD58}.Debug|Any CPU.Build.0 = Debug|Any CPU
		{937059FF-8625-4581-AA6D-9670BC7CFD58}.Release|Any CPU.ActiveCfg = Release|Any CPU
		{937059FF-8625-4581-AA6D-9670BC7CFD58}.Release|Any CPU.Build.0 = Release|Any CPU
	EndGlobalSection
	GlobalSection(SolutionProperties) = preSolution
		HideSolutionNode = FALSE
	EndGlobalSection
	GlobalSection(ExtensibilityGlobals) = postSolution
		SolutionGuid = {9901508E-13C5-43D1-BAA1-9734E213C7BF}
	EndGlobalSection
EndGlobal
